{
  "version": 4,
  "terraform_version": "1.15.5",
  "serial": 20,
  "lineage": "e209a2f7-1172-6988-7b2d-23e1c8088fac",
  "outputs": {
    "kubernetes_namespaces": {
      "value": [
        "orca-observability",
        "orca-system"
      ],
      "type": [
        "tuple",
        [
          "string",
          "string"
        ]
      ]
    },
    "orca_workloads": {
      "value": {
        "orca-agent": {
          "deployment_name": "orca-agent",
          "image": "atonixdev/orca-hardware-agent:1.0.0",
          "namespace": "orca-system",
          "service_name": "orca-agent",
          "service_port": 8014
        },
        "orca-ai": {
          "deployment_name": "orca-ai",
          "image": "atonixdev/orca-ai-service:1.0.0",
          "namespace": "orca-system",
          "service_name": "orca-ai",
          "service_port": 8012
        },
        "orca-gateway": {
          "deployment_name": "orca-gateway",
          "image": "atonixdev/orca-api-gateway:1.0.0",
          "namespace": "orca-system",
          "service_name": "orca-gateway",
          "service_port": 8000
        },
        "orca-mapping": {
          "deployment_name": "orca-mapping",
          "image": "atonixdev/orca-mapping-geospatial:1.0.0",
          "namespace": "orca-system",
          "service_name": "orca-mapping",
          "service_port": 8024
        },
        "orca-telemetry": {
          "deployment_name": "orca-telemetry",
          "image": "atonixdev/orca-drone-gateway:1.0.0",
          "namespace": "orca-system",
          "service_name": "orca-telemetry",
          "service_port": 8020
        }
      },
      "type": [
        "object",
        {
          "orca-agent": [
            "object",
            {
              "deployment_name": "string",
              "image": "string",
              "namespace": "string",
              "service_name": "string",
              "service_port": "number"
            }
          ],
          "orca-ai": [
            "object",
            {
              "deployment_name": "string",
              "image": "string",
              "namespace": "string",
              "service_name": "string",
              "service_port": "number"
            }
          ],
          "orca-gateway": [
            "object",
            {
              "deployment_name": "string",
              "image": "string",
              "namespace": "string",
              "service_name": "string",
              "service_port": "number"
            }
          ],
          "orca-mapping": [
            "object",
            {
              "deployment_name": "string",
              "image": "string",
              "namespace": "string",
              "service_name": "string",
              "service_port": "number"
            }
          ],
          "orca-telemetry": [
            "object",
            {
              "deployment_name": "string",
              "image": "string",
              "namespace": "string",
              "service_name": "string",
              "service_port": "number"
            }
          ]
        }
      ]
    }
  },
  "resources": [
    {
      "module": "module.k8s_namespaces",
      "mode": "managed",
      "type": "kubernetes_namespace_v1",
      "name": "namespace",
      "provider": "provider[\"registry.terraform.io/hashicorp/kubernetes\"]",
      "instances": [
        {
          "index_key": "orca-observability",
          "schema_version": 0,
          "attributes": {
            "id": "orca-observability",
            "metadata": [
              {
                "annotations": {},
                "generate_name": "",
                "generation": 0,
                "labels": {
                  "app.kubernetes.io/managed-by": "terraform",
                  "orca.atonix.dev/platform": "orca"
                },
                "name": "orca-observability",
                "resource_version": "128579",
                "uid": "49e1821f-8e0f-4fb0-a890-afeb00958074"
              }
            ],
            "timeouts": null,
            "wait_for_default_service_account": false
          },
          "sensitive_attributes": [],
          "identity_schema_version": 1,
          "identity": {
            "api_version": "v1",
            "kind": "Namespace",
            "name": "orca-observability"
          },
          "private": "eyJlMmJmYjczMC1lY2FhLTExZTYtOGY4OC0zNDM2M2JjN2M0YzAiOnsiZGVsZXRlIjozMDAwMDAwMDAwMDB9fQ=="
        },
        {
          "index_key": "orca-system",
          "schema_version": 0,
          "attributes": {
            "id": "orca-system",
            "metadata": [
              {
                "annotations": {},
                "generate_name": "",
                "generation": 0,
                "labels": {
                  "app.kubernetes.io/managed-by": "terraform",
                  "orca.atonix.dev/platform": "orca"
                },
                "name": "orca-system",
                "resource_version": "128580",
                "uid": "316ff526-98e6-439d-8630-ad372f38f375"
              }
            ],
            "timeouts": null,
            "wait_for_default_service_account": false
          },
          "sensitive_attributes": [],
          "identity_schema_version": 1,
          "identity": {
            "api_version": "v1",
            "kind": "Namespace",
            "name": "orca-system"
          },
          "private": "eyJlMmJmYjczMC1lY2FhLTExZTYtOGY4OC0zNDM2M2JjN2M0YzAiOnsiZGVsZXRlIjozMDAwMDAwMDAwMDB9fQ=="
        }
      ]
    },
    {
      "module": "module.k8s_services",
      "mode": "managed",
      "type": "kubernetes_deployment_v1",
      "name": "workload",
      "provider": "provider[\"registry.terraform.io/hashicorp/kubernetes\"]",
      "instances": [
        {
          "index_key": "orca-agent",
          "schema_version": 1,
          "attributes": {
            "id": "orca-system/orca-agent",
            "metadata": [
              {
                "annotations": null,
                "generate_name": "",
                "generation": 1,
                "labels": {
                  "app.kubernetes.io/component": "orca-workload",
                  "app.kubernetes.io/managed-by": "terraform",
                  "app.kubernetes.io/name": "orca-agent",
                  "component": "agent",
                  "orca.atonix.dev/model": "ORCA-Agent",
                  "tier": "edge"
                },
                "name": "orca-agent",
                "namespace": "orca-system",
                "resource_version": "128719",
                "uid": "eb416511-8493-42bd-9cd0-86fb6d0c1e05"
              }
            ],
            "spec": [
              {
                "min_ready_seconds": 0,
                "paused": false,
                "progress_deadline_seconds": 600,
                "replicas": "1",
                "revision_history_limit": 10,
                "selector": [
                  {
                    "match_expressions": [],
                    "match_labels": {
                      "app.kubernetes.io/component": "orca-workload",
                      "app.kubernetes.io/managed-by": "terraform",
                      "app.kubernetes.io/name": "orca-agent",
                      "component": "agent",
                      "orca.atonix.dev/model": "ORCA-Agent",
                      "tier": "edge"
                    }
                  }
                ],
                "strategy": [
                  {
                    "rolling_update": [
                      {
                        "max_surge": "25%",
                        "max_unavailable": "25%"
                      }
                    ],
                    "type": "RollingUpdate"
                  }
                ],
                "template": [
                  {
                    "metadata": [
                      {
                        "annotations": null,
                        "generate_name": "",
                        "generation": 0,
                        "labels": {
                          "app.kubernetes.io/component": "orca-workload",
                          "app.kubernetes.io/managed-by": "terraform",
                          "app.kubernetes.io/name": "orca-agent",
                          "component": "agent",
                          "orca.atonix.dev/model": "ORCA-Agent",
                          "tier": "edge"
                        },
                        "name": "",
                        "namespace": "",
                        "resource_version": "",
                        "uid": ""
                      }
                    ],
                    "spec": [
                      {
                        "active_deadline_seconds": 0,
                        "affinity": [],
                        "automount_service_account_token": true,
                        "container": [
                          {
                            "args": null,
                            "command": null,
                            "env": [],
                            "env_from": [],
                            "image": "atonixdev/orca-hardware-agent:1.0.0",
                            "image_pull_policy": "IfNotPresent",
                            "lifecycle": [],
                            "liveness_probe": [],
                            "name": "orca-agent",
                            "port": [
                              {
                                "container_port": 8014,
                                "host_ip": "",
                                "host_port": 0,
                                "name": "",
                                "protocol": "TCP"
                              }
                            ],
                            "readiness_probe": [],
                            "resources": [
                              {
                                "limits": {},
                                "requests": {}
                              }
                            ],
                            "security_context": [],
                            "startup_probe": [],
                            "stdin": false,
                            "stdin_once": false,
                            "termination_message_path": "/dev/termination-log",
                            "termination_message_policy": "File",
                            "tty": false,
                            "volume_device": [],
                            "volume_mount": [],
                            "working_dir": ""
                          }
                        ],
                        "dns_config": [],
                        "dns_policy": "ClusterFirst",
                        "enable_service_links": true,
                        "host_aliases": [],
                        "host_ipc": false,
                        "host_network": false,
                        "host_pid": false,
                        "hostname": "",
                        "image_pull_secrets": [],
                        "init_container": [],
                        "node_name": "",
                        "node_selector": null,
                        "os": [],
                        "priority_class_name": "",
                        "readiness_gate": [],
                        "restart_policy": "Always",
                        "runtime_class_name": "",
                        "scheduler_name": "default-scheduler",
                        "security_context": [],
                        "service_account_name": "",
                        "share_process_namespace": false,
                        "subdomain": "",
                        "termination_grace_period_seconds": 30,
                        "toleration": [],
                        "topology_spread_constraint": [],
                        "volume": []
                      }
                    ]
                  }
                ]
              }
            ],
            "timeouts": null,
            "wait_for_rollout": true
          },
          "sensitive_attributes": [],
          "identity_schema_version": 1,
          "identity": {
            "api_version": "apps/v1",
            "kind": "Deployment",
            "name": "orca-agent",
            "namespace": "orca-system"
          },
          "private": "eyJlMmJmYjczMC1lY2FhLTExZTYtOGY4OC0zNDM2M2JjN2M0YzAiOnsiY3JlYXRlIjo2MDAwMDAwMDAwMDAsImRlbGV0ZSI6NjAwMDAwMDAwMDAwLCJ1cGRhdGUiOjYwMDAwMDAwMDAwMH0sInNjaGVtYV92ZXJzaW9uIjoiMSJ9",
          "dependencies": [
            "module.k8s_namespaces.kubernetes_namespace_v1.namespace"
          ]
        },
        {
          "index_key": "orca-ai",
          "schema_version": 1,
          "attributes": {
            "id": "orca-system/orca-ai",
            "metadata": [
              {
                "annotations": null,
                "generate_name": "",
                "generation": 1,
                "labels": {
                  "app.kubernetes.io/component": "orca-workload",
                  "app.kubernetes.io/managed-by": "terraform",
                  "app.kubernetes.io/name": "orca-ai",
                  "component": "ai",
                  "orca.atonix.dev/model": "ORCA-AI",
                  "tier": "inference"
                },
                "name": "orca-ai",
                "namespace": "orca-system",
                "resource_version": "128728",
                "uid": "85ba60ec-15c5-42fd-ad8a-10f1cdf5addb"
              }
            ],
            "spec": [
              {
                "min_ready_seconds": 0,
                "paused": false,
                "progress_deadline_seconds": 600,
                "replicas": "1",
                "revision_history_limit": 10,
                "selector": [
                  {
                    "match_expressions": [],
                    "match_labels": {
                      "app.kubernetes.io/component": "orca-workload",
                      "app.kubernetes.io/managed-by": "terraform",
                      "app.kubernetes.io/name": "orca-ai",
                      "component": "ai",
                      "orca.atonix.dev/model": "ORCA-AI",
                      "tier": "inference"
                    }
                  }
                ],
                "strategy": [
                  {
                    "rolling_update": [
                      {
                        "max_surge": "25%",
                        "max_unavailable": "25%"
                      }
                    ],
                    "type": "RollingUpdate"
                  }
                ],
                "template": [
                  {
                    "metadata": [
                      {
                        "annotations": null,
                        "generate_name": "",
                        "generation": 0,
                        "labels": {
                          "app.kubernetes.io/component": "orca-workload",
                          "app.kubernetes.io/managed-by": "terraform",
                          "app.kubernetes.io/name": "orca-ai",
                          "component": "ai",
                          "orca.atonix.dev/model": "ORCA-AI",
                          "tier": "inference"
                        },
                        "name": "",
                        "namespace": "",
                        "resource_version": "",
                        "uid": ""
                      }
                    ],
                    "spec": [
                      {
                        "active_deadline_seconds": 0,
                        "affinity": [],
                        "automount_service_account_token": true,
                        "container": [
                          {
                            "args": null,
                            "command": null,
                            "env": [],
                            "env_from": [],
                            "image": "atonixdev/orca-ai-service:1.0.0",
                            "image_pull_policy": "IfNotPresent",
                            "lifecycle": [],
                            "liveness_probe": [],
                            "name": "orca-ai",
                            "port": [
                              {
                                "container_port": 8012,
                                "host_ip": "",
                                "host_port": 0,
                                "name": "",
                                "protocol": "TCP"
                              }
                            ],
                            "readiness_probe": [],
                            "resources": [
                              {
                                "limits": {},
                                "requests": {}
                              }
                            ],
                            "security_context": [],
                            "startup_probe": [],
                            "stdin": false,
                            "stdin_once": false,
                            "termination_message_path": "/dev/termination-log",
                            "termination_message_policy": "File",
                            "tty": false,
                            "volume_device": [],
                            "volume_mount": [],
                            "working_dir": ""
                          }
                        ],
                        "dns_config": [],
                        "dns_policy": "ClusterFirst",
                        "enable_service_links": true,
                        "host_aliases": [],
                        "host_ipc": false,
                        "host_network": false,
                        "host_pid": false,
                        "hostname": "",
                        "image_pull_secrets": [],
                        "init_container": [],
                        "node_name": "",
                        "node_selector": null,
                        "os": [],
                        "priority_class_name": "",
                        "readiness_gate": [],
                        "restart_policy": "Always",
                        "runtime_class_name": "",
                        "scheduler_name": "default-scheduler",
                        "security_context": [],
                        "service_account_name": "",
                        "share_process_namespace": false,
                        "subdomain": "",
                        "termination_grace_period_seconds": 30,
                        "toleration": [],
                        "topology_spread_constraint": [],
                        "volume": []
                      }
                    ]
                  }
                ]
              }
            ],
            "timeouts": null,
            "wait_for_rollout": true
          },
          "sensitive_attributes": [],
          "identity_schema_version": 1,
          "identity": {
            "api_version": "apps/v1",
            "kind": "Deployment",
            "name": "orca-ai",
            "namespace": "orca-system"
          },
          "private": "eyJlMmJmYjczMC1lY2FhLTExZTYtOGY4OC0zNDM2M2JjN2M0YzAiOnsiY3JlYXRlIjo2MDAwMDAwMDAwMDAsImRlbGV0ZSI6NjAwMDAwMDAwMDAwLCJ1cGRhdGUiOjYwMDAwMDAwMDAwMH0sInNjaGVtYV92ZXJzaW9uIjoiMSJ9",
          "dependencies": [
            "module.k8s_namespaces.kubernetes_namespace_v1.namespace"
          ]
        },
        {
          "index_key": "orca-gateway",
          "schema_version": 1,
          "attributes": {
            "id": "orca-system/orca-gateway",
            "metadata": [
              {
                "annotations": null,
                "generate_name": "",
                "generation": 1,
                "labels": {
                  "app.kubernetes.io/component": "orca-workload",
                  "app.kubernetes.io/managed-by": "terraform",
                  "app.kubernetes.io/name": "orca-gateway",
                  "component": "gateway",
                  "orca.atonix.dev/model": "ORCA-Gateway",
                  "tier": "api"
                },
                "name": "orca-gateway",
                "namespace": "orca-system",
                "resource_version": "159284",
                "uid": "d7a297e7-524b-462d-a18e-7f33dc3a6d6e"
              }
            ],
            "spec": [
              {
                "min_ready_seconds": 0,
                "paused": false,
                "progress_deadline_seconds": 600,
                "replicas": "2",
                "revision_history_limit": 10,
                "selector": [
                  {
                    "match_expressions": [],
                    "match_labels": {
                      "app.kubernetes.io/component": "orca-workload",
                      "app.kubernetes.io/managed-by": "terraform",
                      "app.kubernetes.io/name": "orca-gateway",
                      "component": "gateway",
                      "orca.atonix.dev/model": "ORCA-Gateway",
                      "tier": "api"
                    }
                  }
                ],
                "strategy": [
                  {
                    "rolling_update": [
                      {
                        "max_surge": "25%",
                        "max_unavailable": "25%"
                      }
                    ],
                    "type": "RollingUpdate"
                  }
                ],
                "template": [
                  {
                    "metadata": [
                      {
                        "annotations": null,
                        "generate_name": "",
                        "generation": 0,
                        "labels": {
                          "app.kubernetes.io/component": "orca-workload",
                          "app.kubernetes.io/managed-by": "terraform",
                          "app.kubernetes.io/name": "orca-gateway",
                          "component": "gateway",
                          "orca.atonix.dev/model": "ORCA-Gateway",
                          "tier": "api"
                        },
                        "name": "",
                        "namespace": "",
                        "resource_version": "",
                        "uid": ""
                      }
                    ],
                    "spec": [
                      {
                        "active_deadline_seconds": 0,
                        "affinity": [],
                        "automount_service_account_token": true,
                        "container": [
                          {
                            "args": null,
                            "command": [],
                            "env": [
                              {
                                "name": "AI_MODELS_URL",
                                "value": "http://orca-ai.orca-system.svc.cluster.local:8012",
                                "value_from": []
                              },
                              {
                                "name": "DRONE_GATEWAY_URL",
                                "value": "http://orca-telemetry.orca-system.svc.cluster.local:8020",
                                "value_from": []
                              },
                              {
                                "name": "MAPPING_GEOSPATIAL_URL",
                                "value": "http://orca-mapping.orca-system.svc.cluster.local:8024",
                                "value_from": []
                              },
                              {
                                "name": "OBJECT_STORAGE_ENDPOINT",
                                "value": "file:///tmp/orca-object-storage",
                                "value_from": []
                              },
                              {
                                "name": "PYTHONPATH",
                                "value": "/app",
                                "value_from": []
                              }
                            ],
                            "env_from": [],
                            "image": "atonixdev/orca-api-gateway:1.0.0-k8s",
                            "image_pull_policy": "IfNotPresent",
                            "lifecycle": [],
                            "liveness_probe": [],
                            "name": "orca-gateway",
                            "port": [
                              {
                                "container_port": 8000,
                                "host_ip": "",
                                "host_port": 0,
                                "name": "",
                                "protocol": "TCP"
                              }
                            ],
                            "readiness_probe": [],
                            "resources": [
                              {
                                "limits": {},
                                "requests": {}
                              }
                            ],
                            "security_context": [],
                            "startup_probe": [],
                            "stdin": false,
                            "stdin_once": false,
                            "termination_message_path": "/dev/termination-log",
                            "termination_message_policy": "File",
                            "tty": false,
                            "volume_device": [],
                            "volume_mount": [],
                            "working_dir": ""
                          }
                        ],
                        "dns_config": [],
                        "dns_policy": "ClusterFirst",
                        "enable_service_links": true,
                        "host_aliases": [],
                        "host_ipc": false,
                        "host_network": false,
                        "host_pid": false,
                        "hostname": "",
                        "image_pull_secrets": [],
                        "init_container": [],
                        "node_name": "",
                        "node_selector": null,
                        "os": [],
                        "priority_class_name": "",
                        "readiness_gate": [],
                        "restart_policy": "Always",
                        "runtime_class_name": "",
                        "scheduler_name": "default-scheduler",
                        "security_context": [],
                        "service_account_name": "",
                        "share_process_namespace": false,
                        "subdomain": "",
                        "termination_grace_period_seconds": 30,
                        "toleration": [],
                        "topology_spread_constraint": [],
                        "volume": []
                      }
                    ]
                  }
                ]
              }
            ],
            "timeouts": null,
            "wait_for_rollout": true
          },
          "sensitive_attributes": [],
          "identity_schema_version": 1,
          "identity": {
            "api_version": "apps/v1",
            "kind": "Deployment",
            "name": "orca-gateway",
            "namespace": "orca-system"
          },
          "private": "eyJlMmJmYjczMC1lY2FhLTExZTYtOGY4OC0zNDM2M2JjN2M0YzAiOnsiY3JlYXRlIjo2MDAwMDAwMDAwMDAsImRlbGV0ZSI6NjAwMDAwMDAwMDAwLCJ1cGRhdGUiOjYwMDAwMDAwMDAwMH0sInNjaGVtYV92ZXJzaW9uIjoiMSJ9",
          "dependencies": [
            "module.k8s_namespaces.kubernetes_namespace_v1.namespace"
          ]
        },
        {
          "index_key": "orca-mapping",
          "schema_version": 1,
          "attributes": {
            "id": "orca-system/orca-mapping",
            "metadata": [
              {
                "annotations": null,
                "generate_name": "",
                "generation": 1,
                "labels": {
                  "app.kubernetes.io/component": "orca-workload",
                  "app.kubernetes.io/managed-by": "terraform",
                  "app.kubernetes.io/name": "orca-mapping",
                  "component": "mapping",
                  "orca.atonix.dev/model": "ORCA-Mapping",
                  "tier": "geospatial"
                },
                "name": "orca-mapping",
                "namespace": "orca-system",
                "resource_version": "134606",
                "uid": "f6ffee59-54f1-41f9-a045-fd965a0faac9"
              }
            ],
            "spec": [
              {
                "min_ready_seconds": 0,
                "paused": false,
                "progress_deadline_seconds": 600,
                "replicas": "1",
                "revision_history_limit": 10,
                "selector": [
                  {
                    "match_expressions": [],
                    "match_labels": {
                      "app.kubernetes.io/component": "orca-workload",
                      "app.kubernetes.io/managed-by": "terraform",
                      "app.kubernetes.io/name": "orca-mapping",
                      "component": "mapping",
                      "orca.atonix.dev/model": "ORCA-Mapping",
                      "tier": "geospatial"
                    }
                  }
                ],
                "strategy": [
                  {
                    "rolling_update": [
                      {
                        "max_surge": "25%",
                        "max_unavailable": "25%"
                      }
                    ],
                    "type": "RollingUpdate"
                  }
                ],
                "template": [
                  {
                    "metadata": [
                      {
                        "annotations": null,
                        "generate_name": "",
                        "generation": 0,
                        "labels": {
                          "app.kubernetes.io/component": "orca-workload",
                          "app.kubernetes.io/managed-by": "terraform",
                          "app.kubernetes.io/name": "orca-mapping",
                          "component": "mapping",
                          "orca.atonix.dev/model": "ORCA-Mapping",
                          "tier": "geospatial"
                        },
                        "name": "",
                        "namespace": "",
                        "resource_version": "",
                        "uid": ""
                      }
                    ],
                    "spec": [
                      {
                        "active_deadline_seconds": 0,
                        "affinity": [],
                        "automount_service_account_token": true,
                        "container": [
                          {
                            "args": null,
                            "command": [
                              "uvicorn",
                              "surveillance.mapping_service:app",
                              "--host",
                              "0.0.0.0",
                              "--port",
                              "8024"
                            ],
                            "env": [
                              {
                                "name": "PYTHONPATH",
                                "value": "/app",
                                "value_from": []
                              }
                            ],
                            "env_from": [],
                            "image": "atonixdev/orca-mapping-geospatial:1.0.0-k8s",
                            "image_pull_policy": "IfNotPresent",
                            "lifecycle": [],
                            "liveness_probe": [],
                            "name": "orca-mapping",
                            "port": [
                              {
                                "container_port": 8024,
                                "host_ip": "",
                                "host_port": 0,
                                "name": "",
                                "protocol": "TCP"
                              }
                            ],
                            "readiness_probe": [],
                            "resources": [
                              {
                                "limits": {},
                                "requests": {}
                              }
                            ],
                            "security_context": [],
                            "startup_probe": [],
                            "stdin": false,
                            "stdin_once": false,
                            "termination_message_path": "/dev/termination-log",
                            "termination_message_policy": "File",
                            "tty": false,
                            "volume_device": [],
                            "volume_mount": [],
                            "working_dir": ""
                          }
                        ],
                        "dns_config": [],
                        "dns_policy": "ClusterFirst",
                        "enable_service_links": true,
                        "host_aliases": [],
                        "host_ipc": false,
                        "host_network": false,
                        "host_pid": false,
                        "hostname": "",
                        "image_pull_secrets": [],
                        "init_container": [],
                        "node_name": "",
                        "node_selector": null,
                        "os": [],
                        "priority_class_name": "",
                        "readiness_gate": [],
                        "restart_policy": "Always",
                        "runtime_class_name": "",
                        "scheduler_name": "default-scheduler",
                        "security_context": [],
                        "service_account_name": "",
                        "share_process_namespace": false,
                        "subdomain": "",
                        "termination_grace_period_seconds": 30,
                        "toleration": [],
                        "topology_spread_constraint": [],
                        "volume": []
                      }
                    ]
                  }
                ]
              }
            ],
            "timeouts": null,
            "wait_for_rollout": true
          },
          "sensitive_attributes": [],
          "identity_schema_version": 1,
          "identity": {
            "api_version": "apps/v1",
            "kind": "Deployment",
            "name": "orca-mapping",
            "namespace": "orca-system"
          },
          "private": "eyJlMmJmYjczMC1lY2FhLTExZTYtOGY4OC0zNDM2M2JjN2M0YzAiOnsiY3JlYXRlIjo2MDAwMDAwMDAwMDAsImRlbGV0ZSI6NjAwMDAwMDAwMDAwLCJ1cGRhdGUiOjYwMDAwMDAwMDAwMH0sInNjaGVtYV92ZXJzaW9uIjoiMSJ9",
          "dependencies": [
            "module.k8s_namespaces.kubernetes_namespace_v1.namespace"
          ]
        },
        {
          "index_key": "orca-telemetry",
          "schema_version": 1,
          "attributes": {
            "id": "orca-system/orca-telemetry",
            "metadata": [
              {
                "annotations": null,
                "generate_name": "",
                "generation": 1,
                "labels": {
                  "app.kubernetes.io/component": "orca-workload",
                  "app.kubernetes.io/managed-by": "terraform",
                  "app.kubernetes.io/name": "orca-telemetry",
                  "component": "telemetry",
                  "orca.atonix.dev/model": "ORCA-Telemetry",
                  "tier": "edge-ingest"
                },
                "name": "orca-telemetry",
                "namespace": "orca-system",
                "resource_version": "134616",
                "uid": "fa62c954-b543-4b39-b0ad-e09161b6be9d"
              }
            ],
            "spec": [
              {
                "min_ready_seconds": 0,
                "paused": false,
                "progress_deadline_seconds": 600,
                "replicas": "2",
                "revision_history_limit": 10,
                "selector": [
                  {
                    "match_expressions": [],
                    "match_labels": {
                      "app.kubernetes.io/component": "orca-workload",
                      "app.kubernetes.io/managed-by": "terraform",
                      "app.kubernetes.io/name": "orca-telemetry",
                      "component": "telemetry",
                      "orca.atonix.dev/model": "ORCA-Telemetry",
                      "tier": "edge-ingest"
                    }
                  }
                ],
                "strategy": [
                  {
                    "rolling_update": [
                      {
                        "max_surge": "25%",
                        "max_unavailable": "25%"
                      }
                    ],
                    "type": "RollingUpdate"
                  }
                ],
                "template": [
                  {
                    "metadata": [
                      {
                        "annotations": null,
                        "generate_name": "",
                        "generation": 0,
                        "labels": {
                          "app.kubernetes.io/component": "orca-workload",
                          "app.kubernetes.io/managed-by": "terraform",
                          "app.kubernetes.io/name": "orca-telemetry",
                          "component": "telemetry",
                          "orca.atonix.dev/model": "ORCA-Telemetry",
                          "tier": "edge-ingest"
                        },
                        "name": "",
                        "namespace": "",
                        "resource_version": "",
                        "uid": ""
                      }
                    ],
                    "spec": [
                      {
                        "active_deadline_seconds": 0,
                        "affinity": [],
                        "automount_service_account_token": true,
                        "container": [
                          {
                            "args": null,
                            "command": [
                              "uvicorn",
                              "surveillance.drone_gateway_service:app",
                              "--host",
                              "0.0.0.0",
                              "--port",
                              "8020"
                            ],
                            "env": [
                              {
                                "name": "PYTHONPATH",
                                "value": "/app",
                                "value_from": []
                              }
                            ],
                            "env_from": [],
                            "image": "atonixdev/orca-drone-gateway:1.0.0-k8s",
                            "image_pull_policy": "IfNotPresent",
                            "lifecycle": [],
                            "liveness_probe": [],
                            "name": "orca-telemetry",
                            "port": [
                              {
                                "container_port": 8020,
                                "host_ip": "",
                                "host_port": 0,
                                "name": "",
                                "protocol": "TCP"
                              }
                            ],
                            "readiness_probe": [],
                            "resources": [
                              {
                                "limits": {},
                                "requests": {}
                              }
                            ],
                            "security_context": [],
                            "startup_probe": [],
                            "stdin": false,
                            "stdin_once": false,
                            "termination_message_path": "/dev/termination-log",
                            "termination_message_policy": "File",
                            "tty": false,
                            "volume_device": [],
                            "volume_mount": [],
                            "working_dir": ""
                          }
                        ],
                        "dns_config": [],
                        "dns_policy": "ClusterFirst",
                        "enable_service_links": true,
                        "host_aliases": [],
                        "host_ipc": false,
                        "host_network": false,
                        "host_pid": false,
                        "hostname": "",
                        "image_pull_secrets": [],
                        "init_container": [],
                        "node_name": "",
                        "node_selector": null,
                        "os": [],
                        "priority_class_name": "",
                        "readiness_gate": [],
                        "restart_policy": "Always",
                        "runtime_class_name": "",
                        "scheduler_name": "default-scheduler",
                        "security_context": [],
                        "service_account_name": "",
                        "share_process_namespace": false,
                        "subdomain": "",
                        "termination_grace_period_seconds": 30,
                        "toleration": [],
                        "topology_spread_constraint": [],
                        "volume": []
                      }
                    ]
                  }
                ]
              }
            ],
            "timeouts": null,
            "wait_for_rollout": true
          },
          "sensitive_attributes": [],
          "identity_schema_version": 1,
          "identity": {
            "api_version": "apps/v1",
            "kind": "Deployment",
            "name": "orca-telemetry",
            "namespace": "orca-system"
          },
          "private": "eyJlMmJmYjczMC1lY2FhLTExZTYtOGY4OC0zNDM2M2JjN2M0YzAiOnsiY3JlYXRlIjo2MDAwMDAwMDAwMDAsImRlbGV0ZSI6NjAwMDAwMDAwMDAwLCJ1cGRhdGUiOjYwMDAwMDAwMDAwMH0sInNjaGVtYV92ZXJzaW9uIjoiMSJ9",
          "dependencies": [
            "module.k8s_namespaces.kubernetes_namespace_v1.namespace"
          ]
        }
      ]
    },
    {
      "module": "module.k8s_services",
      "mode": "managed",
      "type": "kubernetes_service_v1",
      "name": "workload",
      "provider": "provider[\"registry.terraform.io/hashicorp/kubernetes\"]",
      "instances": [
        {
          "index_key": "orca-agent",
          "schema_version": 1,
          "attributes": {
            "id": "orca-system/orca-agent",
            "metadata": [
              {
                "annotations": null,
                "generate_name": "",
                "generation": 0,
                "labels": {
                  "app.kubernetes.io/component": "orca-workload",
                  "app.kubernetes.io/managed-by": "terraform",
                  "app.kubernetes.io/name": "orca-agent",
                  "component": "agent",
                  "orca.atonix.dev/model": "ORCA-Agent",
                  "tier": "edge"
                },
                "name": "orca-agent",
                "namespace": "orca-system",
                "resource_version": "128590",
                "uid": "d4fe8e3f-42c9-4126-8453-ec5df665d25d"
              }
            ],
            "spec": [
              {
                "allocate_load_balancer_node_ports": true,
                "cluster_ip": "10.96.40.230",
                "cluster_ips": [
                  "10.96.40.230"
                ],
                "external_ips": null,
                "external_name": "",
                "external_traffic_policy": "",
                "health_check_node_port": 0,
                "internal_traffic_policy": "Cluster",
                "ip_families": [
                  "IPv4"
                ],
                "ip_family_policy": "SingleStack",
                "load_balancer_class": "",
                "load_balancer_ip": "",
                "load_balancer_source_ranges": null,
                "port": [
                  {
                    "app_protocol": "",
                    "name": "",
                    "node_port": 0,
                    "port": 8014,
                    "protocol": "TCP",
                    "target_port": "8014"
                  }
                ],
                "publish_not_ready_addresses": false,
                "selector": {
                  "app.kubernetes.io/component": "orca-workload",
                  "app.kubernetes.io/managed-by": "terraform",
                  "app.kubernetes.io/name": "orca-agent",
                  "component": "agent",
                  "orca.atonix.dev/model": "ORCA-Agent",
                  "tier": "edge"
                },
                "session_affinity": "None",
                "session_affinity_config": [],
                "type": "ClusterIP"
              }
            ],
            "status": [
              {
                "load_balancer": [
                  {
                    "ingress": []
                  }
                ]
              }
            ],
            "timeouts": null,
            "wait_for_load_balancer": true
          },
          "sensitive_attributes": [],
          "identity_schema_version": 1,
          "identity": {
            "api_version": "v1",
            "kind": "Service",
            "name": "orca-agent",
            "namespace": "orca-system"
          },
          "private": "eyJlMmJmYjczMC1lY2FhLTExZTYtOGY4OC0zNDM2M2JjN2M0YzAiOnsiY3JlYXRlIjo2MDAwMDAwMDAwMDB9LCJzY2hlbWFfdmVyc2lvbiI6IjEifQ==",
          "dependencies": [
            "module.k8s_namespaces.kubernetes_namespace_v1.namespace"
          ]
        },
        {
          "index_key": "orca-ai",
          "schema_version": 1,
          "attributes": {
            "id": "orca-system/orca-ai",
            "metadata": [
              {
                "annotations": null,
                "generate_name": "",
                "generation": 0,
                "labels": {
                  "app.kubernetes.io/component": "orca-workload",
                  "app.kubernetes.io/managed-by": "terraform",
                  "app.kubernetes.io/name": "orca-ai",
                  "component": "ai",
                  "orca.atonix.dev/model": "ORCA-AI",
                  "tier": "inference"
                },
                "name": "orca-ai",
                "namespace": "orca-system",
                "resource_version": "128609",
                "uid": "0884f305-30eb-4752-98ea-f97dd5057334"
              }
            ],
            "spec": [
              {
                "allocate_load_balancer_node_ports": true,
                "cluster_ip": "10.96.223.202",
                "cluster_ips": [
                  "10.96.223.202"
                ],
                "external_ips": null,
                "external_name": "",
                "external_traffic_policy": "",
                "health_check_node_port": 0,
                "internal_traffic_policy": "Cluster",
                "ip_families": [
                  "IPv4"
                ],
                "ip_family_policy": "SingleStack",
                "load_balancer_class": "",
                "load_balancer_ip": "",
                "load_balancer_source_ranges": null,
                "port": [
                  {
                    "app_protocol": "",
                    "name": "",
                    "node_port": 0,
                    "port": 8012,
                    "protocol": "TCP",
                    "target_port": "8012"
                  }
                ],
                "publish_not_ready_addresses": false,
                "selector": {
                  "app.kubernetes.io/component": "orca-workload",
                  "app.kubernetes.io/managed-by": "terraform",
                  "app.kubernetes.io/name": "orca-ai",
                  "component": "ai",
                  "orca.atonix.dev/model": "ORCA-AI",
                  "tier": "inference"
                },
                "session_affinity": "None",
                "session_affinity_config": [],
                "type": "ClusterIP"
              }
            ],
            "status": [
              {
                "load_balancer": [
                  {
                    "ingress": []
                  }
                ]
              }
            ],
            "timeouts": null,
            "wait_for_load_balancer": true
          },
          "sensitive_attributes": [],
          "identity_schema_version": 1,
          "identity": {
            "api_version": "v1",
            "kind": "Service",
            "name": "orca-ai",
            "namespace": "orca-system"
          },
          "private": "eyJlMmJmYjczMC1lY2FhLTExZTYtOGY4OC0zNDM2M2JjN2M0YzAiOnsiY3JlYXRlIjo2MDAwMDAwMDAwMDB9LCJzY2hlbWFfdmVyc2lvbiI6IjEifQ==",
          "dependencies": [
            "module.k8s_namespaces.kubernetes_namespace_v1.namespace"
          ]
        },
        {
          "index_key": "orca-gateway",
          "schema_version": 1,
          "attributes": {
            "id": "orca-system/orca-gateway",
            "metadata": [
              {
                "annotations": null,
                "generate_name": "",
                "generation": 0,
                "labels": {
                  "app.kubernetes.io/component": "orca-workload",
                  "app.kubernetes.io/managed-by": "terraform",
                  "app.kubernetes.io/name": "orca-gateway",
                  "component": "gateway",
                  "orca.atonix.dev/model": "ORCA-Gateway",
                  "tier": "api"
                },
                "name": "orca-gateway",
                "namespace": "orca-system",
                "resource_version": "128607",
                "uid": "d51b70ad-583f-458e-93b2-a210155f4b14"
              }
            ],
            "spec": [
              {
                "allocate_load_balancer_node_ports": true,
                "cluster_ip": "10.96.103.43",
                "cluster_ips": [
                  "10.96.103.43"
                ],
                "external_ips": null,
                "external_name": "",
                "external_traffic_policy": "",
                "health_check_node_port": 0,
                "internal_traffic_policy": "Cluster",
                "ip_families": [
                  "IPv4"
                ],
                "ip_family_policy": "SingleStack",
                "load_balancer_class": "",
                "load_balancer_ip": "",
                "load_balancer_source_ranges": null,
                "port": [
                  {
                    "app_protocol": "",
                    "name": "",
                    "node_port": 0,
                    "port": 8000,
                    "protocol": "TCP",
                    "target_port": "8000"
                  }
                ],
                "publish_not_ready_addresses": false,
                "selector": {
                  "app.kubernetes.io/component": "orca-workload",
                  "app.kubernetes.io/managed-by": "terraform",
                  "app.kubernetes.io/name": "orca-gateway",
                  "component": "gateway",
                  "orca.atonix.dev/model": "ORCA-Gateway",
                  "tier": "api"
                },
                "session_affinity": "None",
                "session_affinity_config": [],
                "type": "ClusterIP"
              }
            ],
            "status": [
              {
                "load_balancer": [
                  {
                    "ingress": []
                  }
                ]
              }
            ],
            "timeouts": null,
            "wait_for_load_balancer": true
          },
          "sensitive_attributes": [],
          "identity_schema_version": 1,
          "identity": {
            "api_version": "v1",
            "kind": "Service",
            "name": "orca-gateway",
            "namespace": "orca-system"
          },
          "private": "eyJlMmJmYjczMC1lY2FhLTExZTYtOGY4OC0zNDM2M2JjN2M0YzAiOnsiY3JlYXRlIjo2MDAwMDAwMDAwMDB9LCJzY2hlbWFfdmVyc2lvbiI6IjEifQ==",
          "dependencies": [
            "module.k8s_namespaces.kubernetes_namespace_v1.namespace"
          ]
        },
        {
          "index_key": "orca-mapping",
          "schema_version": 1,
          "attributes": {
            "id": "orca-system/orca-mapping",
            "metadata": [
              {
                "annotations": null,
                "generate_name": "",
                "generation": 0,
                "labels": {
                  "app.kubernetes.io/component": "orca-workload",
                  "app.kubernetes.io/managed-by": "terraform",
                  "app.kubernetes.io/name": "orca-mapping",
                  "component": "mapping",
                  "orca.atonix.dev/model": "ORCA-Mapping",
                  "tier": "geospatial"
                },
                "name": "orca-mapping",
                "namespace": "orca-system",
                "resource_version": "128592",
                "uid": "be148c78-2fd1-4a51-b8a4-e9bf73f56eb7"
              }
            ],
            "spec": [
              {
                "allocate_load_balancer_node_ports": true,
                "cluster_ip": "10.96.154.108",
                "cluster_ips": [
                  "10.96.154.108"
                ],
                "external_ips": null,
                "external_name": "",
                "external_traffic_policy": "",
                "health_check_node_port": 0,
                "internal_traffic_policy": "Cluster",
                "ip_families": [
                  "IPv4"
                ],
                "ip_family_policy": "SingleStack",
                "load_balancer_class": "",
                "load_balancer_ip": "",
                "load_balancer_source_ranges": null,
                "port": [
                  {
                    "app_protocol": "",
                    "name": "",
                    "node_port": 0,
                    "port": 8024,
                    "protocol": "TCP",
                    "target_port": "8024"
                  }
                ],
                "publish_not_ready_addresses": false,
                "selector": {
                  "app.kubernetes.io/component": "orca-workload",
                  "app.kubernetes.io/managed-by": "terraform",
                  "app.kubernetes.io/name": "orca-mapping",
                  "component": "mapping",
                  "orca.atonix.dev/model": "ORCA-Mapping",
                  "tier": "geospatial"
                },
                "session_affinity": "None",
                "session_affinity_config": [],
                "type": "ClusterIP"
              }
            ],
            "status": [
              {
                "load_balancer": [
                  {
                    "ingress": []
                  }
                ]
              }
            ],
            "timeouts": null,
            "wait_for_load_balancer": true
          },
          "sensitive_attributes": [],
          "identity_schema_version": 1,
          "identity": {
            "api_version": "v1",
            "kind": "Service",
            "name": "orca-mapping",
            "namespace": "orca-system"
          },
          "private": "eyJlMmJmYjczMC1lY2FhLTExZTYtOGY4OC0zNDM2M2JjN2M0YzAiOnsiY3JlYXRlIjo2MDAwMDAwMDAwMDB9LCJzY2hlbWFfdmVyc2lvbiI6IjEifQ==",
          "dependencies": [
            "module.k8s_namespaces.kubernetes_namespace_v1.namespace"
          ]
        },
        {
          "index_key": "orca-telemetry",
          "schema_version": 1,
          "attributes": {
            "id": "orca-system/orca-telemetry",
            "metadata": [
              {
                "annotations": null,
                "generate_name": "",
                "generation": 0,
                "labels": {
                  "app.kubernetes.io/component": "orca-workload",
                  "app.kubernetes.io/managed-by": "terraform",
                  "app.kubernetes.io/name": "orca-telemetry",
                  "component": "telemetry",
                  "orca.atonix.dev/model": "ORCA-Telemetry",
                  "tier": "edge-ingest"
                },
                "name": "orca-telemetry",
                "namespace": "orca-system",
                "resource_version": "128587",
                "uid": "d7d79a4b-48d8-43db-800d-565d60d6e89a"
              }
            ],
            "spec": [
              {
                "allocate_load_balancer_node_ports": true,
                "cluster_ip": "10.96.32.102",
                "cluster_ips": [
                  "10.96.32.102"
                ],
                "external_ips": null,
                "external_name": "",
                "external_traffic_policy": "",
                "health_check_node_port": 0,
                "internal_traffic_policy": "Cluster",
                "ip_families": [
                  "IPv4"
                ],
                "ip_family_policy": "SingleStack",
                "load_balancer_class": "",
                "load_balancer_ip": "",
                "load_balancer_source_ranges": null,
                "port": [
                  {
                    "app_protocol": "",
                    "name": "",
                    "node_port": 0,
                    "port": 8020,
                    "protocol": "TCP",
                    "target_port": "8020"
                  }
                ],
                "publish_not_ready_addresses": false,
                "selector": {
                  "app.kubernetes.io/component": "orca-workload",
                  "app.kubernetes.io/managed-by": "terraform",
                  "app.kubernetes.io/name": "orca-telemetry",
                  "component": "telemetry",
                  "orca.atonix.dev/model": "ORCA-Telemetry",
                  "tier": "edge-ingest"
                },
                "session_affinity": "None",
                "session_affinity_config": [],
                "type": "ClusterIP"
              }
            ],
            "status": [
              {
                "load_balancer": [
                  {
                    "ingress": []
                  }
                ]
              }
            ],
            "timeouts": null,
            "wait_for_load_balancer": true
          },
          "sensitive_attributes": [],
          "identity_schema_version": 1,
          "identity": {
            "api_version": "v1",
            "kind": "Service",
            "name": "orca-telemetry",
            "namespace": "orca-system"
          },
          "private": "eyJlMmJmYjczMC1lY2FhLTExZTYtOGY4OC0zNDM2M2JjN2M0YzAiOnsiY3JlYXRlIjo2MDAwMDAwMDAwMDB9LCJzY2hlbWFfdmVyc2lvbiI6IjEifQ==",
          "dependencies": [
            "module.k8s_namespaces.kubernetes_namespace_v1.namespace"
          ]
        }
      ]
    }
  ],
  "check_results": null
}
